
Microsoft Visual Studio Solution File, Format Version 12.00
# Visual Studio Version 17
VisualStudioVersion = 17.11.35219.272
MinimumVisualStudioVersion = 10.0.40219.1
Project("{FAE04EC0-301F-11D3-BF4B-00C04F79EFBC}") = "BiotFit.API", "BiotFit.API.csproj", "{09B8505D-2856-44E8-966B-958DFDE170BE}"
EndProject
Global
	GlobalSection(SolutionConfigurationPlatforms) = preSolution
		Debug|Any CPU = Debug|Any CPU
		Release|Any CPU = Release|Any CPU
	EndGlobalSection
	GlobalSection(ProjectConfigurationPlatforms) = postSolution
		{09B8505D-2856-44E8-966B-958DFDE170BE}.Debug|Any CPU.ActiveCfg = Debug|Any CPU
		{09B8505D-2856-44E8-966B-958DFDE170BE}.Debug|Any CPU.Build.0 = Debug|Any CPU
		{09B8505D-2856-44E8-966B-958DFDE170BE}.Release|Any CPU.ActiveCfg = Release|Any CPU
		{09B8505D-2856-44E8-966B-958DFDE170BE}.Release|Any CPU.Build.0 = Release|Any CPU
	EndGlobalSection
	GlobalSection(SolutionProperties) = preSolution
		HideSolutionNode = FALSE
	EndGlobalSection
	GlobalSection(ExtensibilityGlobals) = postSolution
		SolutionGuid = {5A5DA280-3256-44F3-95D4-1FBF9ABCC8CE}
	EndGlobalSection
EndGlobal
